
Microsoft Visual Studio Solution File, Format Version 12.00
# Visual Studio Version 17
VisualStudioVersion = 17.4.33122.133
MinimumVisualStudioVersion = 10.0.40219.1
Project("{2150E333-8FDC-42A3-9474-1A3956D46DE8}") = "Services", "Services", "{45F65EAD-ACCC-4336-8096-A00EA0E6AF16}"
EndProject
Project("{2150E333-8FDC-42A3-9474-1A3956D46DE8}") = "Catalog", "Catalog", "{D7F5096E-B2E5-4C36-A994-281D26DB3684}"
EndProject
Project("{9A19103F-16F7-4668-BE54-9A1E7A4F7556}") = "MultiShop.Catalog", "Services\Catalog\MultiShop.Catalog\MultiShop.Catalog.csproj", "{060927E1-FEC4-41AA-8140-D0C0833F0781}"
EndProject
Project("{2150E333-8FDC-42A3-9474-1A3956D46DE8}") = "Discount", "Discount", "{9F66A7F7-E5BA-4F04-9E55-5A4DC8078B9A}"
EndProject
Project("{9A19103F-16F7-4668-BE54-9A1E7A4F7556}") = "MultiShop.Discount", "Services\Discount\MultiShop.Discount\MultiShop.Discount.csproj", "{28143F61-FD96-44E4-8403-C62DFEC66A2E}"
EndProject
Project("{2150E333-8FDC-42A3-9474-1A3956D46DE8}") = "Order", "Order", "{5D5FEAC8-CBA7-4078-BFDE-BB63D640F945}"
EndProject
Project("{2150E333-8FDC-42A3-9474-1A3956D46DE8}") = "Core", "Core", "{5300581E-E581-4D02-AF9A-0BB8A38C1630}"
EndProject
Project("{2150E333-8FDC-42A3-9474-1A3956D46DE8}") = "Insfrastructure", "Insfrastructure", "{1B166CD9-5D71-40A8-8ED5-44681E60289C}"
EndProject
Project("{2150E333-8FDC-42A3-9474-1A3956D46DE8}") = "Presentation", "Presentation", "{C361D38F-22A3-42E4-9BC8-E7A74371A86D}"
EndProject
Project("{9A19103F-16F7-4668-BE54-9A1E7A4F7556}") = "MultiShop.Order.Domain", "Services\Order\Core\MultiShop.Order.Domain\MultiShop.Order.Domain.csproj", "{B8E737C7-7136-467C-8F22-D65676D75EC3}"
EndProject
Project("{9A19103F-16F7-4668-BE54-9A1E7A4F7556}") = "MultiShop.Order.Application", "Services\Order\Core\MultiShop.Order.Application\MultiShop.Order.Application.csproj", "{02A8B3B2-20F1-424C-8A58-E6FCE905E73D}"
EndProject
Project("{9A19103F-16F7-4668-BE54-9A1E7A4F7556}") = "MultiShop.Order.Persistence", "Services\Order\Infrastructure\MultiShop.Order.Persistence\MultiShop.Order.Persistence.csproj", "{19B19A3F-0FD3-45BF-A4B3-F2B76A6BC2F1}"
EndProject
Project("{9A19103F-16F7-4668-BE54-9A1E7A4F7556}") = "MultiShop.Order.WebApi", "Services\Order\Presentation\MultiShop.Order.WebApi\MultiShop.Order.WebApi.csproj", "{1C9B9D29-E16D-4C50-9749-C7C49FE70D2F}"
EndProject
Project("{2150E333-8FDC-42A3-9474-1A3956D46DE8}") = "IdentityServer", "IdentityServer", "{D3848407-1FF9-4912-92B1-0FA2813E2089}"
EndProject
Project("{9A19103F-16F7-4668-BE54-9A1E7A4F7556}") = "MultiShop.IdentityServer", "IdentityServer\MultiShop.IdentityServer\MultiShop.IdentityServer.csproj", "{A722281A-FB81-4F91-B6ED-EDE759AC9457}"
EndProject
Project("{2150E333-8FDC-42A3-9474-1A3956D46DE8}") = "Requirements", "Requirements", "{DE83884F-7375-4B28-9AF5-FB4B373B0D86}"
	ProjectSection(SolutionItems) = preProject
		IdentityServerVersionErrorSolution.txt = IdentityServerVersionErrorSolution.txt
		PortainerCmd.txt = PortainerCmd.txt
		PortNumbers.txt = PortNumbers.txt
	EndProjectSection
EndProject
Project("{2150E333-8FDC-42A3-9474-1A3956D46DE8}") = "Cargo", "Cargo", "{D7AB553A-4743-47C5-88F6-8E393AF4821F}"
EndProject
Project("{9A19103F-16F7-4668-BE54-9A1E7A4F7556}") = "MultiShop.Cargo.EntityLayer", "Services\Cargo\MultiShop.Cargo.EntityLayer\MultiShop.Cargo.EntityLayer.csproj", "{46561A60-EF3E-497C-B2F3-5B6F3291CF75}"
EndProject
Project("{9A19103F-16F7-4668-BE54-9A1E7A4F7556}") = "MultiShop.Cargo.BusinessLayer", "Services\Cargo\MultiShop.Cargo.BusinessLayer\MultiShop.Cargo.BusinessLayer.csproj", "{26DEBF8B-04B0-4C28-B81B-093D67F640EE}"
EndProject
Project("{9A19103F-16F7-4668-BE54-9A1E7A4F7556}") = "MultiShop.Cargo.DataAccessLayer", "Services\Cargo\MultiShop.Cargo.DataAccessLayer\MultiShop.Cargo.DataAccessLayer.csproj", "{BA52819A-52DF-4FEE-B1A9-0C24033FF13F}"
EndProject
Project("{9A19103F-16F7-4668-BE54-9A1E7A4F7556}") = "MultiShop.Cargo.DtoLayer", "Services\Cargo\MultiShop.Cargo.DtoLayer\MultiShop.Cargo.DtoLayer.csproj", "{C9FF39C0-E232-43E9-9676-79AC2C5C81FA}"
EndProject
Project("{9A19103F-16F7-4668-BE54-9A1E7A4F7556}") = "MultiShop.Cargo.WebApi", "Services\Cargo\MultiShop.Cargo.WebApi\MultiShop.Cargo.WebApi.csproj", "{7662ABC4-C6C6-43A4-9C5D-B790EBAB3CDD}"
EndProject
Project("{2150E333-8FDC-42A3-9474-1A3956D46DE8}") = "Basket", "Basket", "{24386870-A9CF-4EFA-BE76-497B6EFC1C16}"
EndProject
Project("{9A19103F-16F7-4668-BE54-9A1E7A4F7556}") = "MultiShop.Basket", "Services\Basket\MultiShop.Basket\MultiShop.Basket.csproj", "{692EA504-DDD8-4C80-AD31-4D5305F35140}"
EndProject
Project("{2150E333-8FDC-42A3-9474-1A3956D46DE8}") = "Frontends", "Frontends", "{40307734-5C92-4C7F-87CD-3656269307E5}"
EndProject
Project("{9A19103F-16F7-4668-BE54-9A1E7A4F7556}") = "MultiShop.WebUI", "Frontends\MultiShop.WebUI\MultiShop.WebUI.csproj", "{61640182-39B1-40E1-8EC9-017CF63B6949}"
EndProject
Project("{FAE04EC0-301F-11D3-BF4B-00C04F79EFBC}") = "MultiShop.DtoLayer", "Frontends\MultiShop.DtoLayer\MultiShop.DtoLayer.csproj", "{DE2F5CF9-1BBE-4012-92F5-D7C4F29CA382}"
EndProject
Global
	GlobalSection(SolutionConfigurationPlatforms) = preSolution
		Debug|Any CPU = Debug|Any CPU
		Release|Any CPU = Release|Any CPU
	EndGlobalSection
	GlobalSection(ProjectConfigurationPlatforms) = postSolution
		{060927E1-FEC4-41AA-8140-D0C0833F0781}.Debug|Any CPU.ActiveCfg = Debug|Any CPU
		{060927E1-FEC4-41AA-8140-D0C0833F0781}.Debug|Any CPU.Build.0 = Debug|Any CPU
		{060927E1-FEC4-41AA-8140-D0C0833F0781}.Release|Any CPU.ActiveCfg = Release|Any CPU
		{060927E1-FEC4-41AA-8140-D0C0833F0781}.Release|Any CPU.Build.0 = Release|Any CPU
		{28143F61-FD96-44E4-8403-C62DFEC66A2E}.Debug|Any CPU.ActiveCfg = Debug|Any CPU
		{28143F61-FD96-44E4-8403-C62DFEC66A2E}.Debug|Any CPU.Build.0 = Debug|Any CPU
		{28143F61-FD96-44E4-8403-C62DFEC66A2E}.Release|Any CPU.ActiveCfg = Release|Any CPU
		{28143F61-FD96-44E4-8403-C62DFEC66A2E}.Release|Any CPU.Build.0 = Release|Any CPU
		{B8E737C7-7136-467C-8F22-D65676D75EC3}.Debug|Any CPU.ActiveCfg = Debug|Any CPU
		{B8E737C7-7136-467C-8F22-D65676D75EC3}.Debug|Any CPU.Build.0 = Debug|Any CPU
		{B8E737C7-7136-467C-8F22-D65676D75EC3}.Release|Any CPU.ActiveCfg = Release|Any CPU
		{B8E737C7-7136-467C-8F22-D65676D75EC3}.Release|Any CPU.Build.0 = Release|Any CPU
		{02A8B3B2-20F1-424C-8A58-E6FCE905E73D}.Debug|Any CPU.ActiveCfg = Debug|Any CPU
		{02A8B3B2-20F1-424C-8A58-E6FCE905E73D}.Debug|Any CPU.Build.0 = Debug|Any CPU
		{02A8B3B2-20F1-424C-8A58-E6FCE905E73D}.Release|Any CPU.ActiveCfg = Release|Any CPU
		{02A8B3B2-20F1-424C-8A58-E6FCE905E73D}.Release|Any CPU.Build.0 = Release|Any CPU
		{19B19A3F-0FD3-45BF-A4B3-F2B76A6BC2F1}.Debug|Any CPU.ActiveCfg = Debug|Any CPU
		{19B19A3F-0FD3-45BF-A4B3-F2B76A6BC2F1}.Debug|Any CPU.Build.0 = Debug|Any CPU
		{19B19A3F-0FD3-45BF-A4B3-F2B76A6BC2F1}.Release|Any CPU.ActiveCfg = Release|Any CPU
		{19B19A3F-0FD3-45BF-A4B3-F2B76A6BC2F1}.Release|Any CPU.Build.0 = Release|Any CPU
		{1C9B9D29-E16D-4C50-9749-C7C49FE70D2F}.Debug|Any CPU.ActiveCfg = Debug|Any CPU
		{1C9B9D29-E16D-4C50-9749-C7C49FE70D2F}.Debug|Any CPU.Build.0 = Debug|Any CPU
		{1C9B9D29-E16D-4C50-9749-C7C49FE70D2F}.Release|Any CPU.ActiveCfg = Release|Any CPU
		{1C9B9D29-E16D-4C50-9749-C7C49FE70D2F}.Release|Any CPU.Build.0 = Release|Any CPU
		{A722281A-FB81-4F91-B6ED-EDE759AC9457}.Debug|Any CPU.ActiveCfg = Debug|Any CPU
		{A722281A-FB81-4F91-B6ED-EDE759AC9457}.Debug|Any CPU.Build.0 = Debug|Any CPU
		{A722281A-FB81-4F91-B6ED-EDE759AC9457}.Release|Any CPU.ActiveCfg = Release|Any CPU
		{A722281A-FB81-4F91-B6ED-EDE759AC9457}.Release|Any CPU.Build.0 = Release|Any CPU
		{46561A60-EF3E-497C-B2F3-5B6F3291CF75}.Debug|Any CPU.ActiveCfg = Debug|Any CPU
		{46561A60-EF3E-497C-B2F3-5B6F3291CF75}.Debug|Any CPU.Build.0 = Debug|Any CPU
		{46561A60-EF3E-497C-B2F3-5B6F3291CF75}.Release|Any CPU.ActiveCfg = Release|Any CPU
		{46561A60-EF3E-497C-B2F3-5B6F3291CF75}.Release|Any CPU.Build.0 = Release|Any CPU
		{26DEBF8B-04B0-4C28-B81B-093D67F640EE}.Debug|Any CPU.ActiveCfg = Debug|Any CPU
		{26DEBF8B-04B0-4C28-B81B-093D67F640EE}.Debug|Any CPU.Build.0 = Debug|Any CPU
		{26DEBF8B-04B0-4C28-B81B-093D67F640EE}.Release|Any CPU.ActiveCfg = Release|Any CPU
		{26DEBF8B-04B0-4C28-B81B-093D67F640EE}.Release|Any CPU.Build.0 = Release|Any CPU
		{BA52819A-52DF-4FEE-B1A9-0C24033FF13F}.Debug|Any CPU.ActiveCfg = Debug|Any CPU
		{BA52819A-52DF-4FEE-B1A9-0C24033FF13F}.Debug|Any CPU.Build.0 = Debug|Any CPU
		{BA52819A-52DF-4FEE-B1A9-0C24033FF13F}.Release|Any CPU.ActiveCfg = Release|Any CPU
		{BA52819A-52DF-4FEE-B1A9-0C24033FF13F}.Release|Any CPU.Build.0 = Release|Any CPU
		{C9FF39C0-E232-43E9-9676-79AC2C5C81FA}.Debug|Any CPU.ActiveCfg = Debug|Any CPU
		{C9FF39C0-E232-43E9-9676-79AC2C5C81FA}.Debug|Any CPU.Build.0 = Debug|Any CPU
		{C9FF39C0-E232-43E9-9676-79AC2C5C81FA}.Release|Any CPU.ActiveCfg = Release|Any CPU
		{C9FF39C0-E232-43E9-9676-79AC2C5C81FA}.Release|Any CPU.Build.0 = Release|Any CPU
		{7662ABC4-C6C6-43A4-9C5D-B790EBAB3CDD}.Debug|Any CPU.ActiveCfg = Debug|Any CPU
		{7662ABC4-C6C6-43A4-9C5D-B790EBAB3CDD}.Debug|Any CPU.Build.0 = Debug|Any CPU
		{7662ABC4-C6C6-43A4-9C5D-B790EBAB3CDD}.Release|Any CPU.ActiveCfg = Release|Any CPU
		{7662ABC4-C6C6-43A4-9C5D-B790EBAB3CDD}.Release|Any CPU.Build.0 = Release|Any CPU
		{692EA504-DDD8-4C80-AD31-4D5305F35140}.Debug|Any CPU.ActiveCfg = Debug|Any CPU
		{692EA504-DDD8-4C80-AD31-4D5305F35140}.Debug|Any CPU.Build.0 = Debug|Any CPU
		{692EA504-DDD8-4C80-AD31-4D5305F35140}.Release|Any CPU.ActiveCfg = Release|Any CPU
		{692EA504-DDD8-4C80-AD31-4D5305F35140}.Release|Any CPU.Build.0 = Release|Any CPU
		{61640182-39B1-40E1-8EC9-017CF63B6949}.Debug|Any CPU.ActiveCfg = Debug|Any CPU
		{61640182-39B1-40E1-8EC9-017CF63B6949}.Debug|Any CPU.Build.0 = Debug|Any CPU
		{61640182-39B1-40E1-8EC9-017CF63B6949}.Release|Any CPU.ActiveCfg = Release|Any CPU
		{61640182-39B1-40E1-8EC9-017CF63B6949}.Release|Any CPU.Build.0 = Release|Any CPU
		{DE2F5CF9-1BBE-4012-92F5-D7C4F29CA382}.Debug|Any CPU.ActiveCfg = Debug|Any CPU
		{DE2F5CF9-1BBE-4012-92F5-D7C4F29CA382}.Debug|Any CPU.Build.0 = Debug|Any CPU
		{DE2F5CF9-1BBE-4012-92F5-D7C4F29CA382}.Release|Any CPU.ActiveCfg = Release|Any CPU
		{DE2F5CF9-1BBE-4012-92F5-D7C4F29CA382}.Release|Any CPU.Build.0 = Release|Any CPU
	EndGlobalSection
	GlobalSection(SolutionProperties) = preSolution
		HideSolutionNode = FALSE
	EndGlobalSection
	GlobalSection(NestedProjects) = preSolution
		{D7F5096E-B2E5-4C36-A994-281D26DB3684} = {45F65EAD-ACCC-4336-8096-A00EA0E6AF16}
		{060927E1-FEC4-41AA-8140-D0C0833F0781} = {D7F5096E-B2E5-4C36-A994-281D26DB3684}
		{9F66A7F7-E5BA-4F04-9E55-5A4DC8078B9A} = {45F65EAD-ACCC-4336-8096-A00EA0E6AF16}
		{28143F61-FD96-44E4-8403-C62DFEC66A2E} = {9F66A7F7-E5BA-4F04-9E55-5A4DC8078B9A}
		{5D5FEAC8-CBA7-4078-BFDE-BB63D640F945} = {45F65EAD-ACCC-4336-8096-A00EA0E6AF16}
		{5300581E-E581-4D02-AF9A-0BB8A38C1630} = {5D5FEAC8-CBA7-4078-BFDE-BB63D640F945}
		{1B166CD9-5D71-40A8-8ED5-44681E60289C} = {5D5FEAC8-CBA7-4078-BFDE-BB63D640F945}
		{C361D38F-22A3-42E4-9BC8-E7A74371A86D} = {5D5FEAC8-CBA7-4078-BFDE-BB63D640F945}
		{B8E737C7-7136-467C-8F22-D65676D75EC3} = {5300581E-E581-4D02-AF9A-0BB8A38C1630}
		{02A8B3B2-20F1-424C-8A58-E6FCE905E73D} = {5300581E-E581-4D02-AF9A-0BB8A38C1630}
		{19B19A3F-0FD3-45BF-A4B3-F2B76A6BC2F1} = {1B166CD9-5D71-40A8-8ED5-44681E60289C}
		{1C9B9D29-E16D-4C50-9749-C7C49FE70D2F} = {C361D38F-22A3-42E4-9BC8-E7A74371A86D}
		{A722281A-FB81-4F91-B6ED-EDE759AC9457} = {D3848407-1FF9-4912-92B1-0FA2813E2089}
		{D7AB553A-4743-47C5-88F6-8E393AF4821F} = {45F65EAD-ACCC-4336-8096-A00EA0E6AF16}
		{46561A60-EF3E-497C-B2F3-5B6F3291CF75} = {D7AB553A-4743-47C5-88F6-8E393AF4821F}
		{26DEBF8B-04B0-4C28-B81B-093D67F640EE} = {D7AB553A-4743-47C5-88F6-8E393AF4821F}
		{BA52819A-52DF-4FEE-B1A9-0C24033FF13F} = {D7AB553A-4743-47C5-88F6-8E393AF4821F}
		{C9FF39C0-E232-43E9-9676-79AC2C5C81FA} = {D7AB553A-4743-47C5-88F6-8E393AF4821F}
		{7662ABC4-C6C6-43A4-9C5D-B790EBAB3CDD} = {D7AB553A-4743-47C5-88F6-8E393AF4821F}
		{24386870-A9CF-4EFA-BE76-497B6EFC1C16} = {45F65EAD-ACCC-4336-8096-A00EA0E6AF16}
		{692EA504-DDD8-4C80-AD31-4D5305F35140} = {24386870-A9CF-4EFA-BE76-497B6EFC1C16}
		{61640182-39B1-40E1-8EC9-017CF63B6949} = {40307734-5C92-4C7F-87CD-3656269307E5}
		{DE2F5CF9-1BBE-4012-92F5-D7C4F29CA382} = {40307734-5C92-4C7F-87CD-3656269307E5}
	EndGlobalSection
	GlobalSection(ExtensibilityGlobals) = postSolution
		SolutionGuid = {1018967C-4AE9-41EC-AE67-F36752C316A0}
	EndGlobalSection
EndGlobal
